// !$*UTF8*$!
{
	archiveVersion = 1;
	classes = {
	};
	objectVersion = 56;
	objects = {

/* Begin PBXBuildFile section */
		8F033F1A2A08EA9900D5AD40 /* KeychainManager.swift in Sources */ = {isa = PBXBuildFile; fileRef = 8F033F192A08EA9900D5AD40 /* KeychainManager.swift */; };
		8F033F1D2A08ED0100D5AD40 /* Introspect in Frameworks */ = {isa = PBXBuildFile; productRef = 8F033F1C2A08ED0100D5AD40 /* Introspect */; };
		8F033F1F2A08EE6400D5AD40 /* ChatMessage.swift in Sources */ = {isa = PBXBuildFile; fileRef = 8F033F1E2A08EE6400D5AD40 /* ChatMessage.swift */; };
		8F0E821429ED9D8200047583 /* ChatGPTApp.swift in Sources */ = {isa = PBXBuildFile; fileRef = 8F0E821329ED9D8200047583 /* ChatGPTApp.swift */; };
		8F0E821629ED9D8200047583 /* AppBody.swift in Sources */ = {isa = PBXBuildFile; fileRef = 8F0E821529ED9D8200047583 /* AppBody.swift */; };
		8F0E821829ED9D8300047583 /* Assets.xcassets in Resources */ = {isa = PBXBuildFile; fileRef = 8F0E821729ED9D8300047583 /* Assets.xcassets */; };
		8F0E821B29ED9D8300047583 /* Preview Assets.xcassets in Resources */ = {isa = PBXBuildFile; fileRef = 8F0E821A29ED9D8300047583 /* Preview Assets.xcassets */; };
		8F0E822529ED9D8300047583 /* ChatGPTAppTests.swift in Sources */ = {isa = PBXBuildFile; fileRef = 8F0E822429ED9D8300047583 /* ChatGPTAppTests.swift */; };
		8F0E822F29ED9D8300047583 /* ChatGPTAppUITests.swift in Sources */ = {isa = PBXBuildFile; fileRef = 8F0E822E29ED9D8300047583 /* ChatGPTAppUITests.swift */; };
		8F0E823129ED9D8300047583 /* ChatGPTAppUITestsLaunchTests.swift in Sources */ = {isa = PBXBuildFile; fileRef = 8F0E823029ED9D8300047583 /* ChatGPTAppUITestsLaunchTests.swift */; };
		8F0E823F29EDABEE00047583 /* ClearableText.swift in Sources */ = {isa = PBXBuildFile; fileRef = 8F0E823E29EDABEE00047583 /* ClearableText.swift */; };
		8F0E824329EEE07C00047583 /* AppSettings.swift in Sources */ = {isa = PBXBuildFile; fileRef = 8F0E824229EEE07C00047583 /* AppSettings.swift */; };
		8F0E824629EEE0D700047583 /* ChatList.swift in Sources */ = {isa = PBXBuildFile; fileRef = 8F0E824529EEE0D700047583 /* ChatList.swift */; };
		8F0E824E29EEE24D00047583 /* Chat.swift in Sources */ = {isa = PBXBuildFile; fileRef = 8F0E824D29EEE24D00047583 /* Chat.swift */; };
		8F0E825029EF029B00047583 /* AppColors.swift in Sources */ = {isa = PBXBuildFile; fileRef = 8F0E824F29EF029B00047583 /* AppColors.swift */; };
		8F0E825229EF51DE00047583 /* Landing.swift in Sources */ = {isa = PBXBuildFile; fileRef = 8F0E825129EF51DE00047583 /* Landing.swift */; };
		8F0E825429EF6B1700047583 /* ChatSettings.swift in Sources */ = {isa = PBXBuildFile; fileRef = 8F0E825329EF6B1700047583 /* ChatSettings.swift */; };
		8F1B584B2A02C85600C95F43 /* Common.swift in Sources */ = {isa = PBXBuildFile; fileRef = 8F1B584A2A02C85600C95F43 /* Common.swift */; };
		8F1B584F2A03056400C95F43 /* ChatModelPicker.swift in Sources */ = {isa = PBXBuildFile; fileRef = 8F1B584E2A03056400C95F43 /* ChatModelPicker.swift */; };
		8F1B58512A06C9C300C95F43 /* Labels.swift in Sources */ = {isa = PBXBuildFile; fileRef = 8F1B58502A06C9C300C95F43 /* Labels.swift */; };
		8F1B58532A06CA8E00C95F43 /* System.swift in Sources */ = {isa = PBXBuildFile; fileRef = 8F1B58522A06CA8E00C95F43 /* System.swift */; };
		8F2F4DE52A08496F0073609C /* SelectableText.swift in Sources */ = {isa = PBXBuildFile; fileRef = 8F2F4DE42A08496F0073609C /* SelectableText.swift */; };
		8F2F4DEA2A0862520073609C /* Test.swift in Sources */ = {isa = PBXBuildFile; fileRef = 8F2F4DE92A0862520073609C /* Test.swift */; };
		8F48781629F3379200054FBE /* (null) in Sources */ = {isa = PBXBuildFile; };
		8F533D3029EFFF4600D7B389 /* MultilineText.swift in Sources */ = {isa = PBXBuildFile; fileRef = 8F533D2F29EFFF4600D7B389 /* MultilineText.swift */; };
		8F533D3229F04C5B00D7B389 /* AppButtons.swift in Sources */ = {isa = PBXBuildFile; fileRef = 8F533D3129F04C5B00D7B389 /* AppButtons.swift */; };
		8F81075C29F816EC001AC2CE /* KeychainManagerTests.swift in Sources */ = {isa = PBXBuildFile; fileRef = 8F81075B29F816EC001AC2CE /* KeychainManagerTests.swift */; };
		8F81075F29F81742001AC2CE /* ApiTests.swift in Sources */ = {isa = PBXBuildFile; fileRef = 8F81075E29F81742001AC2CE /* ApiTests.swift */; };
		8F931A8129FDABEF006975FF /* PersistenceTests.swift in Sources */ = {isa = PBXBuildFile; fileRef = 8F931A8029FDABEF006975FF /* PersistenceTests.swift */; };
		8F96531B29FADDA60051F2FF /* LandingUITests.swift in Sources */ = {isa = PBXBuildFile; fileRef = 8F96531A29FADDA60051F2FF /* LandingUITests.swift */; };
		8F96531C29FADDA60051F2FF /* LandingUITests.swift in Sources */ = {isa = PBXBuildFile; fileRef = 8F96531A29FADDA60051F2FF /* LandingUITests.swift */; };
		8F96531D29FADDA60051F2FF /* LandingUITests.swift in Sources */ = {isa = PBXBuildFile; fileRef = 8F96531A29FADDA60051F2FF /* LandingUITests.swift */; };
		8FF238D629F1622900CE47D7 /* Api.swift in Sources */ = {isa = PBXBuildFile; fileRef = 8FF238D529F1622900CE47D7 /* Api.swift */; };
		8FF2391429F1B10100CE47D7 /* ChatGPTApp.xcdatamodeld in Sources */ = {isa = PBXBuildFile; fileRef = 8FF2391229F1B10100CE47D7 /* ChatGPTApp.xcdatamodeld */; };
		8FF2391629F1B13200CE47D7 /* Persistence.swift in Sources */ = {isa = PBXBuildFile; fileRef = 8FF2391529F1B13200CE47D7 /* Persistence.swift */; };
		8FF2392429F1B66000CE47D7 /* Models.swift in Sources */ = {isa = PBXBuildFile; fileRef = 8FF2392029F1B66000CE47D7 /* Models.swift */; };
		8FFC5D7029FEF937001CED98 /* ChatListCell.swift in Sources */ = {isa = PBXBuildFile; fileRef = 8FFC5D6F29FEF937001CED98 /* ChatListCell.swift */; };
		8FFC5D7329FEFC0B001CED98 /* ChatInput.swift in Sources */ = {isa = PBXBuildFile; fileRef = 8FFC5D7229FEFC0B001CED98 /* ChatInput.swift */; };
/* End PBXBuildFile section */

/* Begin PBXContainerItemProxy section */
		8F0E822129ED9D8300047583 /* PBXContainerItemProxy */ = {
			isa = PBXContainerItemProxy;
			containerPortal = 8F0E820829ED9D8200047583 /* Project object */;
			proxyType = 1;
			remoteGlobalIDString = 8F0E820F29ED9D8200047583;
			remoteInfo = ChatGPTApp;
		};
		8F0E822B29ED9D8300047583 /* PBXContainerItemProxy */ = {
			isa = PBXContainerItemProxy;
			containerPortal = 8F0E820829ED9D8200047583 /* Project object */;
			proxyType = 1;
			remoteGlobalIDString = 8F0E820F29ED9D8200047583;
			remoteInfo = ChatGPTApp;
		};
/* End PBXContainerItemProxy section */

/* Begin PBXFileReference section */
		8F033F192A08EA9900D5AD40 /* KeychainManager.swift */ = {isa = PBXFileReference; lastKnownFileType = sourcecode.swift; path = KeychainManager.swift; sourceTree = "<group>"; };
		8F033F1E2A08EE6400D5AD40 /* ChatMessage.swift */ = {isa = PBXFileReference; lastKnownFileType = sourcecode.swift; path = ChatMessage.swift; sourceTree = "<group>"; };
		8F0E821029ED9D8200047583 /* ChatGPTApp.app */ = {isa = PBXFileReference; explicitFileType = wrapper.application; includeInIndex = 0; path = ChatGPTApp.app; sourceTree = BUILT_PRODUCTS_DIR; };
		8F0E821329ED9D8200047583 /* ChatGPTApp.swift */ = {isa = PBXFileReference; lastKnownFileType = sourcecode.swift; path = ChatGPTApp.swift; sourceTree = "<group>"; };
		8F0E821529ED9D8200047583 /* AppBody.swift */ = {isa = PBXFileReference; lastKnownFileType = sourcecode.swift; path = AppBody.swift; sourceTree = "<group>"; };
		8F0E821729ED9D8300047583 /* Assets.xcassets */ = {isa = PBXFileReference; lastKnownFileType = folder.assetcatalog; path = Assets.xcassets; sourceTree = "<group>"; };
		8F0E821A29ED9D8300047583 /* Preview Assets.xcassets */ = {isa = PBXFileReference; lastKnownFileType = folder.assetcatalog; path = "Preview Assets.xcassets"; sourceTree = "<group>"; };
		8F0E822029ED9D8300047583 /* ChatGPTAppTests.xctest */ = {isa = PBXFileReference; explicitFileType = wrapper.cfbundle; includeInIndex = 0; path = ChatGPTAppTests.xctest; sourceTree = BUILT_PRODUCTS_DIR; };
		8F0E822429ED9D8300047583 /* ChatGPTAppTests.swift */ = {isa = PBXFileReference; lastKnownFileType = sourcecode.swift; path = ChatGPTAppTests.swift; sourceTree = "<group>"; };
		8F0E822A29ED9D8300047583 /* ChatGPTAppUITests.xctest */ = {isa = PBXFileReference; explicitFileType = wrapper.cfbundle; includeInIndex = 0; path = ChatGPTAppUITests.xctest; sourceTree = BUILT_PRODUCTS_DIR; };
		8F0E822E29ED9D8300047583 /* ChatGPTAppUITests.swift */ = {isa = PBXFileReference; lastKnownFileType = sourcecode.swift; path = ChatGPTAppUITests.swift; sourceTree = "<group>"; };
		8F0E823029ED9D8300047583 /* ChatGPTAppUITestsLaunchTests.swift */ = {isa = PBXFileReference; lastKnownFileType = sourcecode.swift; path = ChatGPTAppUITestsLaunchTests.swift; sourceTree = "<group>"; };
		8F0E823E29EDABEE00047583 /* ClearableText.swift */ = {isa = PBXFileReference; lastKnownFileType = sourcecode.swift; path = ClearableText.swift; sourceTree = "<group>"; };
		8F0E824229EEE07C00047583 /* AppSettings.swift */ = {isa = PBXFileReference; lastKnownFileType = sourcecode.swift; path = AppSettings.swift; sourceTree = "<group>"; };
		8F0E824529EEE0D700047583 /* ChatList.swift */ = {isa = PBXFileReference; lastKnownFileType = sourcecode.swift; path = ChatList.swift; sourceTree = "<group>"; };
		8F0E824D29EEE24D00047583 /* Chat.swift */ = {isa = PBXFileReference; lastKnownFileType = sourcecode.swift; path = Chat.swift; sourceTree = "<group>"; };
		8F0E824F29EF029B00047583 /* AppColors.swift */ = {isa = PBXFileReference; lastKnownFileType = sourcecode.swift; path = AppColors.swift; sourceTree = "<group>"; };
		8F0E825129EF51DE00047583 /* Landing.swift */ = {isa = PBXFileReference; lastKnownFileType = sourcecode.swift; path = Landing.swift; sourceTree = "<group>"; };
		8F0E825329EF6B1700047583 /* ChatSettings.swift */ = {isa = PBXFileReference; lastKnownFileType = sourcecode.swift; path = ChatSettings.swift; sourceTree = "<group>"; };
		8F1B584A2A02C85600C95F43 /* Common.swift */ = {isa = PBXFileReference; lastKnownFileType = sourcecode.swift; path = Common.swift; sourceTree = "<group>"; };
		8F1B584E2A03056400C95F43 /* ChatModelPicker.swift */ = {isa = PBXFileReference; lastKnownFileType = sourcecode.swift; path = ChatModelPicker.swift; sourceTree = "<group>"; };
		8F1B58502A06C9C300C95F43 /* Labels.swift */ = {isa = PBXFileReference; lastKnownFileType = sourcecode.swift; path = Labels.swift; sourceTree = "<group>"; };
		8F1B58522A06CA8E00C95F43 /* System.swift */ = {isa = PBXFileReference; lastKnownFileType = sourcecode.swift; path = System.swift; sourceTree = "<group>"; };
		8F2F4DE42A08496F0073609C /* SelectableText.swift */ = {isa = PBXFileReference; lastKnownFileType = sourcecode.swift; path = SelectableText.swift; sourceTree = "<group>"; };
		8F2F4DE92A0862520073609C /* Test.swift */ = {isa = PBXFileReference; lastKnownFileType = sourcecode.swift; path = Test.swift; sourceTree = "<group>"; };
		8F533D2F29EFFF4600D7B389 /* MultilineText.swift */ = {isa = PBXFileReference; lastKnownFileType = sourcecode.swift; path = MultilineText.swift; sourceTree = "<group>"; };
		8F533D3129F04C5B00D7B389 /* AppButtons.swift */ = {isa = PBXFileReference; lastKnownFileType = sourcecode.swift; path = AppButtons.swift; sourceTree = "<group>"; };
		8F81075B29F816EC001AC2CE /* KeychainManagerTests.swift */ = {isa = PBXFileReference; lastKnownFileType = sourcecode.swift; path = KeychainManagerTests.swift; sourceTree = "<group>"; };
		8F81075E29F81742001AC2CE /* ApiTests.swift */ = {isa = PBXFileReference; lastKnownFileType = sourcecode.swift; path = ApiTests.swift; sourceTree = "<group>"; };
		8F931A8029FDABEF006975FF /* PersistenceTests.swift */ = {isa = PBXFileReference; lastKnownFileType = sourcecode.swift; path = PersistenceTests.swift; sourceTree = "<group>"; };
		8F96531A29FADDA60051F2FF /* LandingUITests.swift */ = {isa = PBXFileReference; lastKnownFileType = sourcecode.swift; path = LandingUITests.swift; sourceTree = "<group>"; };
		8FF238D529F1622900CE47D7 /* Api.swift */ = {isa = PBXFileReference; lastKnownFileType = sourcecode.swift; path = Api.swift; sourceTree = "<group>"; };
		8FF2391329F1B10100CE47D7 /* ChatGPTApp.xcdatamodel */ = {isa = PBXFileReference; lastKnownFileType = wrapper.xcdatamodel; path = ChatGPTApp.xcdatamodel; sourceTree = "<group>"; };
		8FF2391529F1B13200CE47D7 /* Persistence.swift */ = {isa = PBXFileReference; lastKnownFileType = sourcecode.swift; path = Persistence.swift; sourceTree = "<group>"; };
		8FF2392029F1B66000CE47D7 /* Models.swift */ = {isa = PBXFileReference; lastKnownFileType = sourcecode.swift; path = Models.swift; sourceTree = "<group>"; };
		8FFC5D6F29FEF937001CED98 /* ChatListCell.swift */ = {isa = PBXFileReference; lastKnownFileType = sourcecode.swift; path = ChatListCell.swift; sourceTree = "<group>"; };
		8FFC5D7229FEFC0B001CED98 /* ChatInput.swift */ = {isa = PBXFileReference; lastKnownFileType = sourcecode.swift; path = ChatInput.swift; sourceTree = "<group>"; };
/* End PBXFileReference section */

/* Begin PBXFrameworksBuildPhase section */
		8F0E820D29ED9D8200047583 /* Frameworks */ = {
			isa = PBXFrameworksBuildPhase;
			buildActionMask = 2147483647;
			files = (
				8F033F1D2A08ED0100D5AD40 /* Introspect in Frameworks */,
			);
			runOnlyForDeploymentPostprocessing = 0;
		};
		8F0E821D29ED9D8300047583 /* Frameworks */ = {
			isa = PBXFrameworksBuildPhase;
			buildActionMask = 2147483647;
			files = (
			);
			runOnlyForDeploymentPostprocessing = 0;
		};
		8F0E822729ED9D8300047583 /* Frameworks */ = {
			isa = PBXFrameworksBuildPhase;
			buildActionMask = 2147483647;
			files = (
			);
			runOnlyForDeploymentPostprocessing = 0;
		};
/* End PBXFrameworksBuildPhase section */

/* Begin PBXGroup section */
		8F0E820729ED9D8200047583 = {
			isa = PBXGroup;
			children = (
				8F0E821229ED9D8200047583 /* ChatGPTApp */,
				8F0E822329ED9D8300047583 /* ChatGPTAppTests */,
				8F0E822D29ED9D8300047583 /* ChatGPTAppUITests */,
				8F0E821129ED9D8200047583 /* Products */,
			);
			sourceTree = "<group>";
		};
		8F0E821129ED9D8200047583 /* Products */ = {
			isa = PBXGroup;
			children = (
				8F0E821029ED9D8200047583 /* ChatGPTApp.app */,
				8F0E822029ED9D8300047583 /* ChatGPTAppTests.xctest */,
				8F0E822A29ED9D8300047583 /* ChatGPTAppUITests.xctest */,
			);
			name = Products;
			sourceTree = "<group>";
		};
		8F0E821229ED9D8200047583 /* ChatGPTApp */ = {
			isa = PBXGroup;
			children = (
				8FF2392829F1B66600CE47D7 /* Data */,
				8F0E824429EEE0C600047583 /* Screens */,
				8F0E823D29EDABD200047583 /* Components */,
				8F1B58522A06CA8E00C95F43 /* System.swift */,
				8F0E821329ED9D8200047583 /* ChatGPTApp.swift */,
				8F0E821529ED9D8200047583 /* AppBody.swift */,
				8FF238D529F1622900CE47D7 /* Api.swift */,
				8F81075E29F81742001AC2CE /* ApiTests.swift */,
				8FF2391229F1B10100CE47D7 /* ChatGPTApp.xcdatamodeld */,
				8F0E821729ED9D8300047583 /* Assets.xcassets */,
				8F0E821929ED9D8300047583 /* Preview Content */,
			);
			path = ChatGPTApp;
			sourceTree = "<group>";
		};
		8F0E821929ED9D8300047583 /* Preview Content */ = {
			isa = PBXGroup;
			children = (
				8F0E821A29ED9D8300047583 /* Preview Assets.xcassets */,
			);
			path = "Preview Content";
			sourceTree = "<group>";
		};
		8F0E822329ED9D8300047583 /* ChatGPTAppTests */ = {
			isa = PBXGroup;
			children = (
				8F0E822429ED9D8300047583 /* ChatGPTAppTests.swift */,
			);
			path = ChatGPTAppTests;
			sourceTree = "<group>";
		};
		8F0E822D29ED9D8300047583 /* ChatGPTAppUITests */ = {
			isa = PBXGroup;
			children = (
				8F0E822E29ED9D8300047583 /* ChatGPTAppUITests.swift */,
				8F0E823029ED9D8300047583 /* ChatGPTAppUITestsLaunchTests.swift */,
			);
			path = ChatGPTAppUITests;
			sourceTree = "<group>";
		};
		8F0E823D29EDABD200047583 /* Components */ = {
			isa = PBXGroup;
			children = (
				8F2F4DE32A0849620073609C /* Text */,
				8FFC5D7129FEFBFE001CED98 /* Chat */,
				8F0E824F29EF029B00047583 /* AppColors.swift */,
				8F533D3129F04C5B00D7B389 /* AppButtons.swift */,
				8F1B584A2A02C85600C95F43 /* Common.swift */,
				8F1B58502A06C9C300C95F43 /* Labels.swift */,
			);
			path = Components;
			sourceTree = "<group>";
		};
		8F0E824429EEE0C600047583 /* Screens */ = {
			isa = PBXGroup;
			children = (
				8F0E825129EF51DE00047583 /* Landing.swift */,
				8F96531A29FADDA60051F2FF /* LandingUITests.swift */,
				8F0E824D29EEE24D00047583 /* Chat.swift */,
				8F033F1E2A08EE6400D5AD40 /* ChatMessage.swift */,
				8F0E824529EEE0D700047583 /* ChatList.swift */,
				8F0E825329EF6B1700047583 /* ChatSettings.swift */,
				8F0E824229EEE07C00047583 /* AppSettings.swift */,
			);
			path = Screens;
			sourceTree = "<group>";
		};
		8F2F4DE32A0849620073609C /* Text */ = {
			isa = PBXGroup;
			children = (
				8F0E823E29EDABEE00047583 /* ClearableText.swift */,
				8F533D2F29EFFF4600D7B389 /* MultilineText.swift */,
				8F2F4DE42A08496F0073609C /* SelectableText.swift */,
				8F2F4DE92A0862520073609C /* Test.swift */,
			);
			path = Text;
			sourceTree = "<group>";
		};
		8FF2392829F1B66600CE47D7 /* Data */ = {
			isa = PBXGroup;
			children = (
				8FF2391529F1B13200CE47D7 /* Persistence.swift */,
				8F931A8029FDABEF006975FF /* PersistenceTests.swift */,
				8FF2392029F1B66000CE47D7 /* Models.swift */,
				8F81075B29F816EC001AC2CE /* KeychainManagerTests.swift */,
				8F033F192A08EA9900D5AD40 /* KeychainManager.swift */,
			);
			path = Data;
			sourceTree = "<group>";
		};
		8FFC5D7129FEFBFE001CED98 /* Chat */ = {
			isa = PBXGroup;
			children = (
				8FFC5D6F29FEF937001CED98 /* ChatListCell.swift */,
				8FFC5D7229FEFC0B001CED98 /* ChatInput.swift */,
				8F1B584E2A03056400C95F43 /* ChatModelPicker.swift */,
			);
			path = Chat;
			sourceTree = "<group>";
		};
/* End PBXGroup section */

/* Begin PBXNativeTarget section */
		8F0E820F29ED9D8200047583 /* ChatGPTApp */ = {
			isa = PBXNativeTarget;
			buildConfigurationList = 8F0E823429ED9D8300047583 /* Build configuration list for PBXNativeTarget "ChatGPTApp" */;
			buildPhases = (
				8F0E820C29ED9D8200047583 /* Sources */,
				8F0E820D29ED9D8200047583 /* Frameworks */,
				8F0E820E29ED9D8200047583 /* Resources */,
			);
			buildRules = (
			);
			dependencies = (
			);
			name = ChatGPTApp;
			packageProductDependencies = (
				8F033F1C2A08ED0100D5AD40 /* Introspect */,
			);
			productName = ChatGPTApp;
			productReference = 8F0E821029ED9D8200047583 /* ChatGPTApp.app */;
			productType = "com.apple.product-type.application";
		};
		8F0E821F29ED9D8300047583 /* ChatGPTAppTests */ = {
			isa = PBXNativeTarget;
			buildConfigurationList = 8F0E823729ED9D8300047583 /* Build configuration list for PBXNativeTarget "ChatGPTAppTests" */;
			buildPhases = (
				8F0E821C29ED9D8300047583 /* Sources */,
				8F0E821D29ED9D8300047583 /* Frameworks */,
				8F0E821E29ED9D8300047583 /* Resources */,
			);
			buildRules = (
			);
			dependencies = (
				8F0E822229ED9D8300047583 /* PBXTargetDependency */,
			);
			name = ChatGPTAppTests;
			productName = ChatGPTAppTests;
			productReference = 8F0E822029ED9D8300047583 /* ChatGPTAppTests.xctest */;
			productType = "com.apple.product-type.bundle.unit-test";
		};
		8F0E822929ED9D8300047583 /* ChatGPTAppUITests */ = {
			isa = PBXNativeTarget;
			buildConfigurationList = 8F0E823A29ED9D8300047583 /* Build configuration list for PBXNativeTarget "ChatGPTAppUITests" */;
			buildPhases = (
				8F0E822629ED9D8300047583 /* Sources */,
				8F0E822729ED9D8300047583 /* Frameworks */,
				8F0E822829ED9D8300047583 /* Resources */,
			);
			buildRules = (
			);
			dependencies = (
				8F0E822C29ED9D8300047583 /* PBXTargetDependency */,
			);
			name = ChatGPTAppUITests;
			productName = ChatGPTAppUITests;
			productReference = 8F0E822A29ED9D8300047583 /* ChatGPTAppUITests.xctest */;
			productType = "com.apple.product-type.bundle.ui-testing";
		};
/* End PBXNativeTarget section */

/* Begin PBXProject section */
		8F0E820829ED9D8200047583 /* Project object */ = {
			isa = PBXProject;
			attributes = {
				BuildIndependentTargetsInParallel = 1;
				LastSwiftUpdateCheck = 1430;
				LastUpgradeCheck = 1430;
				TargetAttributes = {
					8F0E820F29ED9D8200047583 = {
						CreatedOnToolsVersion = 14.3;
					};
					8F0E821F29ED9D8300047583 = {
						CreatedOnToolsVersion = 14.3;
						TestTargetID = 8F0E820F29ED9D8200047583;
					};
					8F0E822929ED9D8300047583 = {
						CreatedOnToolsVersion = 14.3;
						TestTargetID = 8F0E820F29ED9D8200047583;
					};
				};
			};
			buildConfigurationList = 8F0E820B29ED9D8200047583 /* Build configuration list for PBXProject "ChatGPTApp" */;
			compatibilityVersion = "Xcode 14.0";
			developmentRegion = en;
			hasScannedForEncodings = 0;
			knownRegions = (
				en,
				Base,
			);
			mainGroup = 8F0E820729ED9D8200047583;
			packageReferences = (
				8F033F1B2A08ED0100D5AD40 /* XCRemoteSwiftPackageReference "SwiftUI-Introspect" */,
			);
			productRefGroup = 8F0E821129ED9D8200047583 /* Products */;
			projectDirPath = "";
			projectRoot = "";
			targets = (
				8F0E820F29ED9D8200047583 /* ChatGPTApp */,
				8F0E821F29ED9D8300047583 /* ChatGPTAppTests */,
				8F0E822929ED9D8300047583 /* ChatGPTAppUITests */,
			);
		};
/* End PBXProject section */

/* Begin PBXResourcesBuildPhase section */
		8F0E820E29ED9D8200047583 /* Resources */ = {
			isa = PBXResourcesBuildPhase;
			buildActionMask = 2147483647;
			files = (
				8F0E821B29ED9D8300047583 /* Preview Assets.xcassets in Resources */,
				8F0E821829ED9D8300047583 /* Assets.xcassets in Resources */,
			);
			runOnlyForDeploymentPostprocessing = 0;
		};
		8F0E821E29ED9D8300047583 /* Resources */ = {
			isa = PBXResourcesBuildPhase;
			buildActionMask = 2147483647;
			files = (
			);
			runOnlyForDeploymentPostprocessing = 0;
		};
		8F0E822829ED9D8300047583 /* Resources */ = {
			isa = PBXResourcesBuildPhase;
			buildActionMask = 2147483647;
			files = (
			);
			runOnlyForDeploymentPostprocessing = 0;
		};
/* End PBXResourcesBuildPhase section */

/* Begin PBXSourcesBuildPhase section */
		8F0E820C29ED9D8200047583 /* Sources */ = {
			isa = PBXSourcesBuildPhase;
			buildActionMask = 2147483647;
			files = (
				8F96531B29FADDA60051F2FF /* LandingUITests.swift in Sources */,
				8F533D3029EFFF4600D7B389 /* MultilineText.swift in Sources */,
				8FF2391629F1B13200CE47D7 /* Persistence.swift in Sources */,
				8F0E825229EF51DE00047583 /* Landing.swift in Sources */,
				8F533D3229F04C5B00D7B389 /* AppButtons.swift in Sources */,
				8FFC5D7029FEF937001CED98 /* ChatListCell.swift in Sources */,
				8F0E825429EF6B1700047583 /* ChatSettings.swift in Sources */,
				8F48781629F3379200054FBE /* (null) in Sources */,
				8F0E824629EEE0D700047583 /* ChatList.swift in Sources */,
				8FF2392429F1B66000CE47D7 /* Models.swift in Sources */,
				8F1B58512A06C9C300C95F43 /* Labels.swift in Sources */,
				8FF238D629F1622900CE47D7 /* Api.swift in Sources */,
				8F0E821629ED9D8200047583 /* AppBody.swift in Sources */,
				8F033F1A2A08EA9900D5AD40 /* KeychainManager.swift in Sources */,
				8F1B584B2A02C85600C95F43 /* Common.swift in Sources */,
				8F0E824E29EEE24D00047583 /* Chat.swift in Sources */,
				8F0E823F29EDABEE00047583 /* ClearableText.swift in Sources */,
				8F2F4DE52A08496F0073609C /* SelectableText.swift in Sources */,
				8F033F1F2A08EE6400D5AD40 /* ChatMessage.swift in Sources */,
				8FF2391429F1B10100CE47D7 /* ChatGPTApp.xcdatamodeld in Sources */,
				8F0E824329EEE07C00047583 /* AppSettings.swift in Sources */,
				8F1B58532A06CA8E00C95F43 /* System.swift in Sources */,
				8F0E825029EF029B00047583 /* AppColors.swift in Sources */,
				8F1B584F2A03056400C95F43 /* ChatModelPicker.swift in Sources */,
				8F2F4DEA2A0862520073609C /* Test.swift in Sources */,
				8FFC5D7329FEFC0B001CED98 /* ChatInput.swift in Sources */,
				8F0E821429ED9D8200047583 /* ChatGPTApp.swift in Sources */,
			);
			runOnlyForDeploymentPostprocessing = 0;
		};
		8F0E821C29ED9D8300047583 /* Sources */ = {
			isa = PBXSourcesBuildPhase;
			buildActionMask = 2147483647;
			files = (
				8F81075C29F816EC001AC2CE /* KeychainManagerTests.swift in Sources */,
				8F96531C29FADDA60051F2FF /* LandingUITests.swift in Sources */,
				8F81075F29F81742001AC2CE /* ApiTests.swift in Sources */,
				8F931A8129FDABEF006975FF /* PersistenceTests.swift in Sources */,
				8F0E822529ED9D8300047583 /* ChatGPTAppTests.swift in Sources */,
			);
			runOnlyForDeploymentPostprocessing = 0;
		};
		8F0E822629ED9D8300047583 /* Sources */ = {
			isa = PBXSourcesBuildPhase;
			buildActionMask = 2147483647;
			files = (
				8F0E823129ED9D8300047583 /* ChatGPTAppUITestsLaunchTests.swift in Sources */,
				8F96531D29FADDA60051F2FF /* LandingUITests.swift in Sources */,
				8F0E822F29ED9D8300047583 /* ChatGPTAppUITests.swift in Sources */,
			);
			runOnlyForDeploymentPostprocessing = 0;
		};
/* End PBXSourcesBuildPhase section */

/* Begin PBXTargetDependency section */
		8F0E822229ED9D8300047583 /* PBXTargetDependency */ = {
			isa = PBXTargetDependency;
			target = 8F0E820F29ED9D8200047583 /* ChatGPTApp */;
			targetProxy = 8F0E822129ED9D8300047583 /* PBXContainerItemProxy */;
		};
		8F0E822C29ED9D8300047583 /* PBXTargetDependency */ = {
			isa = PBXTargetDependency;
			target = 8F0E820F29ED9D8200047583 /* ChatGPTApp */;
			targetProxy = 8F0E822B29ED9D8300047583 /* PBXContainerItemProxy */;
		};
/* End PBXTargetDependency section */

/* Begin XCBuildConfiguration section */
		8F0E823229ED9D8300047583 /* Debug */ = {
			isa = XCBuildConfiguration;
			buildSettings = {
				ALWAYS_SEARCH_USER_PATHS = NO;
				CLANG_ANALYZER_NONNULL = YES;
				CLANG_ANALYZER_NUMBER_OBJECT_CONVERSION = YES_AGGRESSIVE;
				CLANG_CXX_LANGUAGE_STANDARD = "gnu++20";
				CLANG_ENABLE_MODULES = YES;
				CLANG_ENABLE_OBJC_ARC = YES;
				CLANG_ENABLE_OBJC_WEAK = YES;
				CLANG_WARN_BLOCK_CAPTURE_AUTORELEASING = YES;
				CLANG_WARN_BOOL_CONVERSION = YES;
				CLANG_WARN_COMMA = YES;
				CLANG_WARN_CONSTANT_CONVERSION = YES;
				CLANG_WARN_DEPRECATED_OBJC_IMPLEMENTATIONS = YES;
				CLANG_WARN_DIRECT_OBJC_ISA_USAGE = YES_ERROR;
				CLANG_WARN_DOCUMENTATION_COMMENTS = YES;
				CLANG_WARN_EMPTY_BODY = YES;
				CLANG_WARN_ENUM_CONVERSION = YES;
				CLANG_WARN_INFINITE_RECURSION = YES;
				CLANG_WARN_INT_CONVERSION = YES;
				CLANG_WARN_NON_LITERAL_NULL_CONVERSION = YES;
				CLANG_WARN_OBJC_IMPLICIT_RETAIN_SELF = YES;
				CLANG_WARN_OBJC_LITERAL_CONVERSION = YES;
				CLANG_WARN_OBJC_ROOT_CLASS = YES_ERROR;
				CLANG_WARN_QUOTED_INCLUDE_IN_FRAMEWORK_HEADER = YES;
				CLANG_WARN_RANGE_LOOP_ANALYSIS = YES;
				CLANG_WARN_STRICT_PROTOTYPES = YES;
				CLANG_WARN_SUSPICIOUS_MOVE = YES;
				CLANG_WARN_UNGUARDED_AVAILABILITY = YES_AGGRESSIVE;
				CLANG_WARN_UNREACHABLE_CODE = YES;
				CLANG_WARN__DUPLICATE_METHOD_MATCH = YES;
				COPY_PHASE_STRIP = NO;
				DEBUG_INFORMATION_FORMAT = dwarf;
				ENABLE_STRICT_OBJC_MSGSEND = YES;
				ENABLE_TESTABILITY = YES;
				GCC_C_LANGUAGE_STANDARD = gnu11;
				GCC_DYNAMIC_NO_PIC = NO;
				GCC_NO_COMMON_BLOCKS = YES;
				GCC_OPTIMIZATION_LEVEL = 0;
				GCC_PREPROCESSOR_DEFINITIONS = (
					"DEBUG=1",
					"$(inherited)",
				);
				GCC_WARN_64_TO_32_BIT_CONVERSION = YES;
				GCC_WARN_ABOUT_RETURN_TYPE = YES_ERROR;
				GCC_WARN_UNDECLARED_SELECTOR = YES;
				GCC_WARN_UNINITIALIZED_AUTOS = YES_AGGRESSIVE;
				GCC_WARN_UNUSED_FUNCTION = YES;
				GCC_WARN_UNUSED_VARIABLE = YES;
				IPHONEOS_DEPLOYMENT_TARGET = 16.0;
				MTL_ENABLE_DEBUG_INFO = INCLUDE_SOURCE;
				MTL_FAST_MATH = YES;
				ONLY_ACTIVE_ARCH = YES;
				SDKROOT = iphoneos;
				SWIFT_ACTIVE_COMPILATION_CONDITIONS = DEBUG;
				SWIFT_OPTIMIZATION_LEVEL = "-Onone";
			};
			name = Debug;
		};
		8F0E823329ED9D8300047583 /* Release */ = {
			isa = XCBuildConfiguration;
			buildSettings = {
				ALWAYS_SEARCH_USER_PATHS = NO;
				CLANG_ANALYZER_NONNULL = YES;
				CLANG_ANALYZER_NUMBER_OBJECT_CONVERSION = YES_AGGRESSIVE;
				CLANG_CXX_LANGUAGE_STANDARD = "gnu++20";
				CLANG_ENABLE_MODULES = YES;
				CLANG_ENABLE_OBJC_ARC = YES;
				CLANG_ENABLE_OBJC_WEAK = YES;
				CLANG_WARN_BLOCK_CAPTURE_AUTORELEASING = YES;
				CLANG_WARN_BOOL_CONVERSION = YES;
				CLANG_WARN_COMMA = YES;
				CLANG_WARN_CONSTANT_CONVERSION = YES;
				CLANG_WARN_DEPRECATED_OBJC_IMPLEMENTATIONS = YES;
				CLANG_WARN_DIRECT_OBJC_ISA_USAGE = YES_ERROR;
				CLANG_WARN_DOCUMENTATION_COMMENTS = YES;
				CLANG_WARN_EMPTY_BODY = YES;
				CLANG_WARN_ENUM_CONVERSION = YES;
				CLANG_WARN_INFINITE_RECURSION = YES;
				CLANG_WARN_INT_CONVERSION = YES;
				CLANG_WARN_NON_LITERAL_NULL_CONVERSION = YES;
				CLANG_WARN_OBJC_IMPLICIT_RETAIN_SELF = YES;
				CLANG_WARN_OBJC_LITERAL_CONVERSION = YES;
				CLANG_WARN_OBJC_ROOT_CLASS = YES_ERROR;
				CLANG_WARN_QUOTED_INCLUDE_IN_FRAMEWORK_HEADER = YES;
				CLANG_WARN_RANGE_LOOP_ANALYSIS = YES;
				CLANG_WARN_STRICT_PROTOTYPES = YES;
				CLANG_WARN_SUSPICIOUS_MOVE = YES;
				CLANG_WARN_UNGUARDED_AVAILABILITY = YES_AGGRESSIVE;
				CLANG_WARN_UNREACHABLE_CODE = YES;
				CLANG_WARN__DUPLICATE_METHOD_MATCH = YES;
				COPY_PHASE_STRIP = NO;
				DEBUG_INFORMATION_FORMAT = "dwarf-with-dsym";
				ENABLE_NS_ASSERTIONS = NO;
				ENABLE_STRICT_OBJC_MSGSEND = YES;
				"EXCLUDED_SOURCE_FILE_NAMES[arch=*]" = "DebugSettings*";
				GCC_C_LANGUAGE_STANDARD = gnu11;
				GCC_NO_COMMON_BLOCKS = YES;
				GCC_WARN_64_TO_32_BIT_CONVERSION = YES;
				GCC_WARN_ABOUT_RETURN_TYPE = YES_ERROR;
				GCC_WARN_UNDECLARED_SELECTOR = YES;
				GCC_WARN_UNINITIALIZED_AUTOS = YES_AGGRESSIVE;
				GCC_WARN_UNUSED_FUNCTION = YES;
				GCC_WARN_UNUSED_VARIABLE = YES;
				IPHONEOS_DEPLOYMENT_TARGET = 16.0;
				MTL_ENABLE_DEBUG_INFO = NO;
				MTL_FAST_MATH = YES;
				SDKROOT = iphoneos;
				SWIFT_COMPILATION_MODE = wholemodule;
				SWIFT_OPTIMIZATION_LEVEL = "-O";
				VALIDATE_PRODUCT = YES;
			};
			name = Release;
		};
		8F0E823529ED9D8300047583 /* Debug */ = {
			isa = XCBuildConfiguration;
			buildSettings = {
				ASSETCATALOG_COMPILER_APPICON_NAME = AppIcon;
				ASSETCATALOG_COMPILER_GLOBAL_ACCENT_COLOR_NAME = AccentColor;
				CODE_SIGN_STYLE = Automatic;
				CURRENT_PROJECT_VERSION = 1;
				DEVELOPMENT_ASSET_PATHS = "\"ChatGPTApp/Preview Content\"";
				DEVELOPMENT_TEAM = PFD7TFY7VX;
				ENABLE_PREVIEWS = YES;
				GENERATE_INFOPLIST_FILE = YES;
				INFOPLIST_KEY_CFBundleDisplayName = Aquerium;
				INFOPLIST_KEY_UIApplicationSceneManifest_Generation = YES;
				INFOPLIST_KEY_UIApplicationSupportsIndirectInputEvents = YES;
				INFOPLIST_KEY_UILaunchScreen_Generation = YES;
				INFOPLIST_KEY_UISupportedInterfaceOrientations_iPad = "UIInterfaceOrientationPortrait UIInterfaceOrientationPortraitUpsideDown UIInterfaceOrientationLandscapeLeft UIInterfaceOrientationLandscapeRight";
				INFOPLIST_KEY_UISupportedInterfaceOrientations_iPhone = "UIInterfaceOrientationPortrait UIInterfaceOrientationLandscapeLeft UIInterfaceOrientationLandscapeRight";
				IPHONEOS_DEPLOYMENT_TARGET = 16.3;
				LD_RUNPATH_SEARCH_PATHS = (
					"$(inherited)",
					"@executable_path/Frameworks",
				);
				MARKETING_VERSION = 1.0;
				PRODUCT_BUNDLE_IDENTIFIER = com.babochenko.ChatGPTApp;
				PRODUCT_NAME = "$(TARGET_NAME)";
				SWIFT_EMIT_LOC_STRINGS = YES;
				SWIFT_VERSION = 5.0;
				TARGETED_DEVICE_FAMILY = "1,2";
			};
			name = Debug;
		};
		8F0E823629ED9D8300047583 /* Release */ = {
			isa = XCBuildConfiguration;
			buildSettings = {
				ASSETCATALOG_COMPILER_APPICON_NAME = AppIcon;
				ASSETCATALOG_COMPILER_GLOBAL_ACCENT_COLOR_NAME = AccentColor;
				CODE_SIGN_STYLE = Automatic;
				CURRENT_PROJECT_VERSION = 1;
				DEVELOPMENT_ASSET_PATHS = "\"ChatGPTApp/Preview Content\"";
				DEVELOPMENT_TEAM = PFD7TFY7VX;
				ENABLE_PREVIEWS = YES;
				GENERATE_INFOPLIST_FILE = YES;
				INFOPLIST_KEY_CFBundleDisplayName = Aquerium;
				INFOPLIST_KEY_UIApplicationSceneManifest_Generation = YES;
				INFOPLIST_KEY_UIApplicationSupportsIndirectInputEvents = YES;
				INFOPLIST_KEY_UILaunchScreen_Generation = YES;
				INFOPLIST_KEY_UISupportedInterfaceOrientations_iPad = "UIInterfaceOrientationPortrait UIInterfaceOrientationPortraitUpsideDown UIInterfaceOrientationLandscapeLeft UIInterfaceOrientationLandscapeRight";
				INFOPLIST_KEY_UISupportedInterfaceOrientations_iPhone = "UIInterfaceOrientationPortrait UIInterfaceOrientationLandscapeLeft UIInterfaceOrientationLandscapeRight";
				IPHONEOS_DEPLOYMENT_TARGET = 16.3;
				LD_RUNPATH_SEARCH_PATHS = (
					"$(inherited)",
					"@executable_path/Frameworks",
				);
				MARKETING_VERSION = 1.0;
				PRODUCT_BUNDLE_IDENTIFIER = com.babochenko.ChatGPTApp;
				PRODUCT_NAME = "$(TARGET_NAME)";
				SWIFT_EMIT_LOC_STRINGS = YES;
				SWIFT_VERSION = 5.0;
				TARGETED_DEVICE_FAMILY = "1,2";
			};
			name = Release;
		};
		8F0E823829ED9D8300047583 /* Debug */ = {
			isa = XCBuildConfiguration;
			buildSettings = {
				ALWAYS_EMBED_SWIFT_STANDARD_LIBRARIES = YES;
				BUNDLE_LOADER = "$(TEST_HOST)";
				CODE_SIGN_STYLE = Automatic;
				CURRENT_PROJECT_VERSION = 1;
				GENERATE_INFOPLIST_FILE = YES;
				IPHONEOS_DEPLOYMENT_TARGET = 16.3;
				MARKETING_VERSION = 1.0;
				PRODUCT_BUNDLE_IDENTIFIER = com.babochenko.ChatGPTAppTests;
				PRODUCT_NAME = "$(TARGET_NAME)";
				SWIFT_EMIT_LOC_STRINGS = NO;
				SWIFT_VERSION = 5.0;
				TARGETED_DEVICE_FAMILY = "1,2";
				TEST_HOST = "$(BUILT_PRODUCTS_DIR)/ChatGPTApp.app/$(BUNDLE_EXECUTABLE_FOLDER_PATH)/ChatGPTApp";
			};
			name = Debug;
		};
		8F0E823929ED9D8300047583 /* Release */ = {
			isa = XCBuildConfiguration;
			buildSettings = {
				ALWAYS_EMBED_SWIFT_STANDARD_LIBRARIES = YES;
				BUNDLE_LOADER = "$(TEST_HOST)";
				CODE_SIGN_STYLE = Automatic;
				CURRENT_PROJECT_VERSION = 1;
				GENERATE_INFOPLIST_FILE = YES;
				IPHONEOS_DEPLOYMENT_TARGET = 16.3;
				MARKETING_VERSION = 1.0;
				PRODUCT_BUNDLE_IDENTIFIER = com.babochenko.ChatGPTAppTests;
				PRODUCT_NAME = "$(TARGET_NAME)";
				SWIFT_EMIT_LOC_STRINGS = NO;
				SWIFT_VERSION = 5.0;
				TARGETED_DEVICE_FAMILY = "1,2";
				TEST_HOST = "$(BUILT_PRODUCTS_DIR)/ChatGPTApp.app/$(BUNDLE_EXECUTABLE_FOLDER_PATH)/ChatGPTApp";
			};
			name = Release;
		};
		8F0E823B29ED9D8300047583 /* Debug */ = {
			isa = XCBuildConfiguration;
			buildSettings = {
				ALWAYS_EMBED_SWIFT_STANDARD_LIBRARIES = YES;
				CODE_SIGN_STYLE = Automatic;
				CURRENT_PROJECT_VERSION = 1;
				GENERATE_INFOPLIST_FILE = YES;
				IPHONEOS_DEPLOYMENT_TARGET = 16.3;
				MARKETING_VERSION = 1.0;
				PRODUCT_BUNDLE_IDENTIFIER = com.babochenko.ChatGPTAppUITests;
				PRODUCT_NAME = "$(TARGET_NAME)";
				SWIFT_EMIT_LOC_STRINGS = NO;
				SWIFT_VERSION = 5.0;
				TARGETED_DEVICE_FAMILY = "1,2";
				TEST_TARGET_NAME = ChatGPTApp;
			};
			name = Debug;
		};
		8F0E823C29ED9D8300047583 /* Release */ = {
			isa = XCBuildConfiguration;
			buildSettings = {
				ALWAYS_EMBED_SWIFT_STANDARD_LIBRARIES = YES;
				CODE_SIGN_STYLE = Automatic;
				CURRENT_PROJECT_VERSION = 1;
				"EXCLUDED_SOURCE_FILE_NAMES[arch=*]" = "";
				GENERATE_INFOPLIST_FILE = YES;
				IPHONEOS_DEPLOYMENT_TARGET = 16.3;
				MARKETING_VERSION = 1.0;
				PRODUCT_BUNDLE_IDENTIFIER = com.babochenko.ChatGPTAppUITests;
				PRODUCT_NAME = "$(TARGET_NAME)";
				SWIFT_EMIT_LOC_STRINGS = NO;
				SWIFT_VERSION = 5.0;
				TARGETED_DEVICE_FAMILY = "1,2";
				TEST_TARGET_NAME = ChatGPTApp;
			};
			name = Release;
		};
/* End XCBuildConfiguration section */

/* Begin XCConfigurationList section */
		8F0E820B29ED9D8200047583 /* Build configuration list for PBXProject "ChatGPTApp" */ = {
			isa = XCConfigurationList;
			buildConfigurations = (
				8F0E823229ED9D8300047583 /* Debug */,
				8F0E823329ED9D8300047583 /* Release */,
			);
			defaultConfigurationIsVisible = 0;
			defaultConfigurationName = Release;
		};
		8F0E823429ED9D8300047583 /* Build configuration list for PBXNativeTarget "ChatGPTApp" */ = {
			isa = XCConfigurationList;
			buildConfigurations = (
				8F0E823529ED9D8300047583 /* Debug */,
				8F0E823629ED9D8300047583 /* Release */,
			);
			defaultConfigurationIsVisible = 0;
			defaultConfigurationName = Release;
		};
		8F0E823729ED9D8300047583 /* Build configuration list for PBXNativeTarget "ChatGPTAppTests" */ = {
			isa = XCConfigurationList;
			buildConfigurations = (
				8F0E823829ED9D8300047583 /* Debug */,
				8F0E823929ED9D8300047583 /* Release */,
			);
			defaultConfigurationIsVisible = 0;
			defaultConfigurationName = Release;
		};
		8F0E823A29ED9D8300047583 /* Build configuration list for PBXNativeTarget "ChatGPTAppUITests" */ = {
			isa = XCConfigurationList;
			buildConfigurations = (
				8F0E823B29ED9D8300047583 /* Debug */,
				8F0E823C29ED9D8300047583 /* Release */,
			);
			defaultConfigurationIsVisible = 0;
			defaultConfigurationName = Release;
		};
/* End XCConfigurationList section */

/* Begin XCRemoteSwiftPackageReference section */
		8F033F1B2A08ED0100D5AD40 /* XCRemoteSwiftPackageReference "SwiftUI-Introspect" */ = {
			isa = XCRemoteSwiftPackageReference;
			repositoryURL = "https://github.com/siteline/SwiftUI-Introspect";
			requirement = {
				kind = upToNextMajorVersion;
				minimumVersion = 0.2.3;
			};
		};
/* End XCRemoteSwiftPackageReference section */

/* Begin XCSwiftPackageProductDependency section */
		8F033F1C2A08ED0100D5AD40 /* Introspect */ = {
			isa = XCSwiftPackageProductDependency;
			package = 8F033F1B2A08ED0100D5AD40 /* XCRemoteSwiftPackageReference "SwiftUI-Introspect" */;
			productName = Introspect;
		};
/* End XCSwiftPackageProductDependency section */

/* Begin XCVersionGroup section */
		8FF2391229F1B10100CE47D7 /* ChatGPTApp.xcdatamodeld */ = {
			isa = XCVersionGroup;
			children = (
				8FF2391329F1B10100CE47D7 /* ChatGPTApp.xcdatamodel */,
			);
			currentVersion = 8FF2391329F1B10100CE47D7 /* ChatGPTApp.xcdatamodel */;
			path = ChatGPTApp.xcdatamodeld;
			sourceTree = "<group>";
			versionGroupType = wrapper.xcdatamodel;
		};
/* End XCVersionGroup section */
	};
	rootObject = 8F0E820829ED9D8200047583 /* Project object */;
}
